{
	"name": "@nerd-bible/tanach.us",
	"version": "0.0.1",
	"lockfileVersion": 3,
	"requires": true,
	"packages": {
		"": {
			"name": "@nerd-bible/tanach.us",
			"version": "0.0.1",
			"license": "CC0-1.0",
			"devDependencies": {
				"@biomejs/biome": "2.1.4",
				"@nerd-bible/core": "file:../core",
				"@types/bun": "^1.2.19",
				"@types/unzipper": "^0.10.11",
				"fast-xml-parser": "^5.2.5",
				"progress": "^2.0.3",
				"unzipper": "^0.12.3"
			}
		},
		"../core": {
			"dev": true
		},
		"node_modules/@biomejs/biome": {
			"version": "2.1.4",
			"dev": true,
			"license": "MIT OR Apache-2.0",
			"bin": {
				"biome": "bin/biome"
			},
			"engines": {
				"node": ">=14.21.3"
			},
			"funding": {
				"type": "opencollective",
				"url": "https://opencollective.com/biome"
			},
			"optionalDependencies": {
				"@biomejs/cli-darwin-arm64": "2.1.4",
				"@biomejs/cli-darwin-x64": "2.1.4",
				"@biomejs/cli-linux-arm64": "2.1.4",
				"@biomejs/cli-linux-arm64-musl": "2.1.4",
				"@biomejs/cli-linux-x64": "2.1.4",
				"@biomejs/cli-linux-x64-musl": "2.1.4",
				"@biomejs/cli-win32-arm64": "2.1.4",
				"@biomejs/cli-win32-x64": "2.1.4"
			}
		},
		"node_modules/@biomejs/cli-darwin-arm64": {
			"version": "2.1.4",
			"resolved": "https://registry.npmjs.org/@biomejs/cli-darwin-arm64/-/cli-darwin-arm64-2.1.4.tgz",
			"integrity": "sha512-sCrNENE74I9MV090Wq/9Dg7EhPudx3+5OiSoQOkIe3DLPzFARuL1dOwCWhKCpA3I5RHmbrsbNSRfZwCabwd8Qg==",
			"cpu": [
				"arm64"
			],
			"dev": true,
			"license": "MIT OR Apache-2.0",
			"optional": true,
			"os": [
				"darwin"
			],
			"engines": {
				"node": ">=14.21.3"
			}
		},
		"node_modules/@biomejs/cli-darwin-x64": {
			"version": "2.1.4",
			"resolved": "https://registry.npmjs.org/@biomejs/cli-darwin-x64/-/cli-darwin-x64-2.1.4.tgz",
			"integrity": "sha512-gOEICJbTCy6iruBywBDcG4X5rHMbqCPs3clh3UQ+hRKlgvJTk4NHWQAyHOXvaLe+AxD1/TNX1jbZeffBJzcrOw==",
			"cpu": [
				"x64"
			],
			"dev": true,
			"license": "MIT OR Apache-2.0",
			"optional": true,
			"os": [
				"darwin"
			],
			"engines": {
				"node": ">=14.21.3"
			}
		},
		"node_modules/@biomejs/cli-linux-arm64": {
			"version": "2.1.4",
			"resolved": "https://registry.npmjs.org/@biomejs/cli-linux-arm64/-/cli-linux-arm64-2.1.4.tgz",
			"integrity": "sha512-juhEkdkKR4nbUi5k/KRp1ocGPNWLgFRD4NrHZSveYrD6i98pyvuzmS9yFYgOZa5JhaVqo0HPnci0+YuzSwT2fw==",
			"cpu": [
				"arm64"
			],
			"dev": true,
			"license": "MIT OR Apache-2.0",
			"optional": true,
			"os": [
				"linux"
			],
			"engines": {
				"node": ">=14.21.3"
			}
		},
		"node_modules/@biomejs/cli-linux-arm64-musl": {
			"version": "2.1.4",
			"resolved": "https://registry.npmjs.org/@biomejs/cli-linux-arm64-musl/-/cli-linux-arm64-musl-2.1.4.tgz",
			"integrity": "sha512-nYr7H0CyAJPaLupFE2cH16KZmRC5Z9PEftiA2vWxk+CsFkPZQ6dBRdcC6RuS+zJlPc/JOd8xw3uCCt9Pv41WvQ==",
			"cpu": [
				"arm64"
			],
			"dev": true,
			"license": "MIT OR Apache-2.0",
			"optional": true,
			"os": [
				"linux"
			],
			"engines": {
				"node": ">=14.21.3"
			}
		},
		"node_modules/@biomejs/cli-linux-x64": {
			"version": "2.1.4",
			"cpu": [
				"x64"
			],
			"dev": true,
			"license": "MIT OR Apache-2.0",
			"optional": true,
			"os": [
				"linux"
			],
			"engines": {
				"node": ">=14.21.3"
			}
		},
		"node_modules/@biomejs/cli-linux-x64-musl": {
			"version": "2.1.4",
			"cpu": [
				"x64"
			],
			"dev": true,
			"license": "MIT OR Apache-2.0",
			"optional": true,
			"os": [
				"linux"
			],
			"engines": {
				"node": ">=14.21.3"
			}
		},
		"node_modules/@biomejs/cli-win32-arm64": {
			"version": "2.1.4",
			"resolved": "https://registry.npmjs.org/@biomejs/cli-win32-arm64/-/cli-win32-arm64-2.1.4.tgz",
			"integrity": "sha512-3WRYte7orvyi6TRfIZkDN9Jzoogbv+gSvR+b9VOXUg1We1XrjBg6WljADeVEaKTvOcpVdH0a90TwyOQ6ue4fGw==",
			"cpu": [
				"arm64"
			],
			"dev": true,
			"license": "MIT OR Apache-2.0",
			"optional": true,
			"os": [
				"win32"
			],
			"engines": {
				"node": ">=14.21.3"
			}
		},
		"node_modules/@biomejs/cli-win32-x64": {
			"version": "2.1.4",
			"resolved": "https://registry.npmjs.org/@biomejs/cli-win32-x64/-/cli-win32-x64-2.1.4.tgz",
			"integrity": "sha512-tBc+W7anBPSFXGAoQW+f/+svkpt8/uXfRwDzN1DvnatkRMt16KIYpEi/iw8u9GahJlFv98kgHcIrSsZHZTR0sw==",
			"cpu": [
				"x64"
			],
			"dev": true,
			"license": "MIT OR Apache-2.0",
			"optional": true,
			"os": [
				"win32"
			],
			"engines": {
				"node": ">=14.21.3"
			}
		},
		"node_modules/@nerd-bible/core": {
			"resolved": "../core",
			"link": true
		},
		"node_modules/@types/bun": {
			"version": "1.2.19",
			"dev": true,
			"license": "MIT",
			"dependencies": {
				"bun-types": "1.2.19"
			}
		},
		"node_modules/@types/node": {
			"version": "24.2.0",
			"dev": true,
			"license": "MIT",
			"dependencies": {
				"undici-types": "~7.10.0"
			}
		},
		"node_modules/@types/react": {
			"version": "19.1.9",
			"dev": true,
			"license": "MIT",
			"peer": true,
			"dependencies": {
				"csstype": "^3.0.2"
			}
		},
		"node_modules/@types/unzipper": {
			"version": "0.10.11",
			"dev": true,
			"license": "MIT",
			"dependencies": {
				"@types/node": "*"
			}
		},
		"node_modules/bluebird": {
			"version": "3.7.2",
			"dev": true,
			"license": "MIT"
		},
		"node_modules/bun-types": {
			"version": "1.2.19",
			"dev": true,
			"license": "MIT",
			"dependencies": {
				"@types/node": "*"
			},
			"peerDependencies": {
				"@types/react": "^19"
			}
		},
		"node_modules/core-util-is": {
			"version": "1.0.3",
			"dev": true,
			"license": "MIT"
		},
		"node_modules/csstype": {
			"version": "3.1.3",
			"dev": true,
			"license": "MIT",
			"peer": true
		},
		"node_modules/duplexer2": {
			"version": "0.1.4",
			"dev": true,
			"license": "BSD-3-Clause",
			"dependencies": {
				"readable-stream": "^2.0.2"
			}
		},
		"node_modules/fast-xml-parser": {
			"version": "5.2.5",
			"dev": true,
			"funding": [
				{
					"type": "github",
					"url": "https://github.com/sponsors/NaturalIntelligence"
				}
			],
			"license": "MIT",
			"dependencies": {
				"strnum": "^2.1.0"
			},
			"bin": {
				"fxparser": "src/cli/cli.js"
			}
		},
		"node_modules/fs-extra": {
			"version": "11.3.1",
			"dev": true,
			"license": "MIT",
			"dependencies": {
				"graceful-fs": "^4.2.0",
				"jsonfile": "^6.0.1",
				"universalify": "^2.0.0"
			},
			"engines": {
				"node": ">=14.14"
			}
		},
		"node_modules/graceful-fs": {
			"version": "4.2.11",
			"dev": true,
			"license": "ISC"
		},
		"node_modules/inherits": {
			"version": "2.0.4",
			"dev": true,
			"license": "ISC"
		},
		"node_modules/isarray": {
			"version": "1.0.0",
			"dev": true,
			"license": "MIT"
		},
		"node_modules/jsonfile": {
			"version": "6.1.0",
			"dev": true,
			"license": "MIT",
			"dependencies": {
				"universalify": "^2.0.0"
			},
			"optionalDependencies": {
				"graceful-fs": "^4.1.6"
			}
		},
		"node_modules/node-int64": {
			"version": "0.4.0",
			"dev": true,
			"license": "MIT"
		},
		"node_modules/process-nextick-args": {
			"version": "2.0.1",
			"dev": true,
			"license": "MIT"
		},
		"node_modules/progress": {
			"version": "2.0.3",
			"dev": true,
			"license": "MIT",
			"engines": {
				"node": ">=0.4.0"
			}
		},
		"node_modules/readable-stream": {
			"version": "2.3.8",
			"dev": true,
			"license": "MIT",
			"dependencies": {
				"core-util-is": "~1.0.0",
				"inherits": "~2.0.3",
				"isarray": "~1.0.0",
				"process-nextick-args": "~2.0.0",
				"safe-buffer": "~5.1.1",
				"string_decoder": "~1.1.1",
				"util-deprecate": "~1.0.1"
			}
		},
		"node_modules/safe-buffer": {
			"version": "5.1.2",
			"dev": true,
			"license": "MIT"
		},
		"node_modules/string_decoder": {
			"version": "1.1.1",
			"dev": true,
			"license": "MIT",
			"dependencies": {
				"safe-buffer": "~5.1.0"
			}
		},
		"node_modules/strnum": {
			"version": "2.1.1",
			"dev": true,
			"funding": [
				{
					"type": "github",
					"url": "https://github.com/sponsors/NaturalIntelligence"
				}
			],
			"license": "MIT"
		},
		"node_modules/undici-types": {
			"version": "7.10.0",
			"dev": true,
			"license": "MIT"
		},
		"node_modules/universalify": {
			"version": "2.0.1",
			"dev": true,
			"license": "MIT",
			"engines": {
				"node": ">= 10.0.0"
			}
		},
		"node_modules/unzipper": {
			"version": "0.12.3",
			"dev": true,
			"license": "MIT",
			"dependencies": {
				"bluebird": "~3.7.2",
				"duplexer2": "~0.1.4",
				"fs-extra": "^11.2.0",
				"graceful-fs": "^4.2.2",
				"node-int64": "^0.4.0"
			}
		},
		"node_modules/util-deprecate": {
			"version": "1.0.2",
			"dev": true,
			"license": "MIT"
		}
	}
}
